
Microsoft Visual Studio Solution File, Format Version 12.00
# Visual Studio Version 16
VisualStudioVersion = 16.0.31205.134
MinimumVisualStudioVersion = 10.0.40219.1
Project("{FAE04EC0-301F-11D3-BF4B-00C04F79EFBC}") = "Portal.Web.API", "Portal.Web.API\Portal.Web.API.csproj", "{C9CE17D2-33C9-4DCE-8112-290BC5FED803}"
EndProject
Global
	GlobalSection(SolutionConfigurationPlatforms) = preSolution
		Debug|Any CPU = Debug|Any CPU
		Release|Any CPU = Release|Any CPU
	EndGlobalSection
	GlobalSection(ProjectConfigurationPlatforms) = postSolution
		{C9CE17D2-33C9-4DCE-8112-290BC5FED803}.Debug|Any CPU.ActiveCfg = Debug|Any CPU
		{C9CE17D2-33C9-4DCE-8112-290BC5FED803}.Debug|Any CPU.Build.0 = Debug|Any CPU
		{C9CE17D2-33C9-4DCE-8112-290BC5FED803}.Release|Any CPU.ActiveCfg = Release|Any CPU
		{C9CE17D2-33C9-4DCE-8112-290BC5FED803}.Release|Any CPU.Build.0 = Release|Any CPU
	EndGlobalSection
	GlobalSection(SolutionProperties) = preSolution
		HideSolutionNode = FALSE
	EndGlobalSection
	GlobalSection(ExtensibilityGlobals) = postSolution
		SolutionGuid = {904050E1-E149-48A1-8969-80B3FCAF4FB8}
	EndGlobalSection
EndGlobal
